
Microsoft Visual Studio Solution File, Format Version 12.00
# Visual Studio Version 18
VisualStudioVersion = 18.2.11415.280
MinimumVisualStudioVersion = 10.0.40219.1
Project("{9A19103F-16F7-4668-BE54-9A1E7A4F7556}") = "LeadPipe.Cli", "LeadPipe.Cli\LeadPipe.Cli.csproj", "{288BAC3E-7038-42AF-A3F7-501FB2929498}"
EndProject
Project("{2150E333-8FDC-42A3-9474-1A3956D46DE8}") = "src", "src", "{9B2C1815-B7E2-46DA-B8CC-2D8BD536862C}"
EndProject
Project("{9A19103F-16F7-4668-BE54-9A1E7A4F7556}") = "LeadPipe.Domain", "LeadPipe.Domain\LeadPipe.Domain.csproj", "{9EE6E520-E599-4052-AF34-E4D928FFB0C6}"
EndProject
Project("{9A19103F-16F7-4668-BE54-9A1E7A4F7556}") = "LeadPipe.Application", "LeadPipe.Application\LeadPipe.Application.csproj", "{F06A47D6-C2F4-4A17-B73C-26912E97765B}"
EndProject
Project("{9A19103F-16F7-4668-BE54-9A1E7A4F7556}") = "LeadPipe.Infrastructure", "LeadPipe.Infrastructure\LeadPipe.Infrastructure.csproj", "{9A6E79D1-CC5B-4EDA-9984-547E5E6E2CF9}"
EndProject
Project("{2150E333-8FDC-42A3-9474-1A3956D46DE8}") = "test", "test", "{D81ED4CD-E2EF-45F4-A860-E7DADD9C9BC6}"
EndProject
Project("{9A19103F-16F7-4668-BE54-9A1E7A4F7556}") = "LeadPipe.Infrastructure.Test", "LeadPipe.Infrastructure.Test\LeadPipe.Infrastructure.Test.csproj", "{716DCA55-BFDC-48E7-A5F1-39A471481AB7}"
EndProject
Project("{9A19103F-16F7-4668-BE54-9A1E7A4F7556}") = "LeadPipe.Domain.Test", "LeadPipe.Domain.Test\LeadPipe.Domain.Test.csproj", "{6FB3F381-71F7-4B23-AC71-D47C1D4A2613}"
EndProject
Project("{2150E333-8FDC-42A3-9474-1A3956D46DE8}") = "info", "info", "{E2C4DB10-1BD2-476F-9E35-90E86C88C3B8}"
	ProjectSection(SolutionItems) = preProject
		.gitignore = .gitignore
		.git\COMMIT_EDITMSG = .git\COMMIT_EDITMSG
		.git\config = .git\config
		.git\description = .git\description
		.git\FETCH_HEAD = .git\FETCH_HEAD
		.git\HEAD = .git\HEAD
		.git\index = .git\index
		.git\ORIG_HEAD = .git\ORIG_HEAD
		PlumbingContext ERD.png = PlumbingContext ERD.png
		README.md = README.md
		TextFile1.txt = TextFile1.txt
	EndProjectSection
EndProject
Project("{FAE04EC0-301F-11D3-BF4B-00C04F79EFBC}") = "LeadPipe.Translation", "LeadPipe.Translation\LeadPipe.Translation.csproj", "{CAF567E6-E506-4CCF-A207-A19D54855F4D}"
EndProject
Project("{FAE04EC0-301F-11D3-BF4B-00C04F79EFBC}") = "LeadPipe.Translation.Test", "LeadPipe.Translation.Test\LeadPipe.Translation.Test.csproj", "{2F28FEA4-7F14-4EDE-A9C1-C416A7CF79A5}"
EndProject
Project("{2150E333-8FDC-42A3-9474-1A3956D46DE8}") = ".template.config", ".template.config", "{8EC462FD-D22E-90A8-E5CE-7E832BA40C5D}"
	ProjectSection(SolutionItems) = preProject
		.template.config\template.json = .template.config\template.json
	EndProjectSection
EndProject
Project("{FAE04EC0-301F-11D3-BF4B-00C04F79EFBC}") = "LeadPipe.Infrastructure.MySql", "LeadPipe.Infrastructure.MySql\LeadPipe.Infrastructure.MySql.csproj", "{C4F33022-BA5F-40C8-8286-EBE97BB12462}"
	ProjectSection(ProjectDependencies) = postProject
		{F06A47D6-C2F4-4A17-B73C-26912E97765B} = {F06A47D6-C2F4-4A17-B73C-26912E97765B}
	EndProjectSection
EndProject
Project("{FAE04EC0-301F-11D3-BF4B-00C04F79EFBC}") = "LeadPipe.Infrastructure.Sqlite", "LeadPipe.Infrastructure.Sqlite\LeadPipe.Infrastructure.Sqlite.csproj", "{FD5120D2-1804-49BD-B87A-C9462D683799}"
EndProject
Project("{FAE04EC0-301F-11D3-BF4B-00C04F79EFBC}") = "LeadPipe.Core", "LeadPipe.Core\LeadPipe.Core.csproj", "{C7EDD816-600E-4643-9FF9-BD10AAE88E1C}"
EndProject
Project("{FAE04EC0-301F-11D3-BF4B-00C04F79EFBC}") = "Analyzer", "Analyzer\Analyzer.csproj", "{96E7925F-0EFE-49B9-BC7C-C9F7682C8FA1}"
EndProject
Project("{2150E333-8FDC-42A3-9474-1A3956D46DE8}") = "Analyzers", "Analyzers", "{D2A6DB4E-6B5D-4FF2-AB00-A11D0A438F6E}"
EndProject
Project("{2150E333-8FDC-42A3-9474-1A3956D46DE8}") = "Batch", "Batch", "{37227541-9BD4-4BB5-B19D-705EA2E72B49}"
	ProjectSection(SolutionItems) = preProject
		..\Automate\AllReport.bat = ..\Automate\AllReport.bat
		..\Automate\ForceUpdateRepos.bat = ..\Automate\ForceUpdateRepos.bat
		..\Automate\LeadPipe.bat = ..\Automate\LeadPipe.bat
		..\Automate\LeafExclusion.bat = ..\Automate\LeafExclusion.bat
		..\Automate\LeafRepo Manual.bat = ..\Automate\LeafRepo Manual.bat
		..\Automate\LeafRepo.bat = ..\Automate\LeafRepo.bat
		..\Automate\MasterTask.bat = ..\Automate\MasterTask.bat
		..\Automate\OpenFiles.bat = ..\Automate\OpenFiles.bat
		..\Automate\Queries.bat = ..\Automate\Queries.bat
		..\Automate\ReleaseBuild.bat = ..\Automate\ReleaseBuild.bat
		..\Automate\ReportGeneration.bat = ..\Automate\ReportGeneration.bat
		..\Automate\SaveAndCloseExcel.ps1 = ..\Automate\SaveAndCloseExcel.ps1
		..\Automate\TrackReportChanges.bat = ..\Automate\TrackReportChanges.bat
	EndProjectSection
EndProject
Global
	GlobalSection(SolutionConfigurationPlatforms) = preSolution
		Debug|Any CPU = Debug|Any CPU
		Release|Any CPU = Release|Any CPU
	EndGlobalSection
	GlobalSection(ProjectConfigurationPlatforms) = postSolution
		{288BAC3E-7038-42AF-A3F7-501FB2929498}.Debug|Any CPU.ActiveCfg = Debug|Any CPU
		{288BAC3E-7038-42AF-A3F7-501FB2929498}.Debug|Any CPU.Build.0 = Debug|Any CPU
		{288BAC3E-7038-42AF-A3F7-501FB2929498}.Release|Any CPU.ActiveCfg = Release|Any CPU
		{288BAC3E-7038-42AF-A3F7-501FB2929498}.Release|Any CPU.Build.0 = Release|Any CPU
		{9EE6E520-E599-4052-AF34-E4D928FFB0C6}.Debug|Any CPU.ActiveCfg = Debug|Any CPU
		{9EE6E520-E599-4052-AF34-E4D928FFB0C6}.Debug|Any CPU.Build.0 = Debug|Any CPU
		{9EE6E520-E599-4052-AF34-E4D928FFB0C6}.Release|Any CPU.ActiveCfg = Release|Any CPU
		{9EE6E520-E599-4052-AF34-E4D928FFB0C6}.Release|Any CPU.Build.0 = Release|Any CPU
		{F06A47D6-C2F4-4A17-B73C-26912E97765B}.Debug|Any CPU.ActiveCfg = Debug|Any CPU
		{F06A47D6-C2F4-4A17-B73C-26912E97765B}.Debug|Any CPU.Build.0 = Debug|Any CPU
		{F06A47D6-C2F4-4A17-B73C-26912E97765B}.Release|Any CPU.ActiveCfg = Release|Any CPU
		{F06A47D6-C2F4-4A17-B73C-26912E97765B}.Release|Any CPU.Build.0 = Release|Any CPU
		{9A6E79D1-CC5B-4EDA-9984-547E5E6E2CF9}.Debug|Any CPU.ActiveCfg = Debug|Any CPU
		{9A6E79D1-CC5B-4EDA-9984-547E5E6E2CF9}.Debug|Any CPU.Build.0 = Debug|Any CPU
		{9A6E79D1-CC5B-4EDA-9984-547E5E6E2CF9}.Release|Any CPU.ActiveCfg = Release|Any CPU
		{9A6E79D1-CC5B-4EDA-9984-547E5E6E2CF9}.Release|Any CPU.Build.0 = Release|Any CPU
		{716DCA55-BFDC-48E7-A5F1-39A471481AB7}.Debug|Any CPU.ActiveCfg = Debug|Any CPU
		{716DCA55-BFDC-48E7-A5F1-39A471481AB7}.Debug|Any CPU.Build.0 = Debug|Any CPU
		{716DCA55-BFDC-48E7-A5F1-39A471481AB7}.Release|Any CPU.ActiveCfg = Release|Any CPU
		{716DCA55-BFDC-48E7-A5F1-39A471481AB7}.Release|Any CPU.Build.0 = Release|Any CPU
		{6FB3F381-71F7-4B23-AC71-D47C1D4A2613}.Debug|Any CPU.ActiveCfg = Debug|Any CPU
		{6FB3F381-71F7-4B23-AC71-D47C1D4A2613}.Debug|Any CPU.Build.0 = Debug|Any CPU
		{6FB3F381-71F7-4B23-AC71-D47C1D4A2613}.Release|Any CPU.ActiveCfg = Release|Any CPU
		{6FB3F381-71F7-4B23-AC71-D47C1D4A2613}.Release|Any CPU.Build.0 = Release|Any CPU
		{CAF567E6-E506-4CCF-A207-A19D54855F4D}.Debug|Any CPU.ActiveCfg = Debug|Any CPU
		{CAF567E6-E506-4CCF-A207-A19D54855F4D}.Debug|Any CPU.Build.0 = Debug|Any CPU
		{CAF567E6-E506-4CCF-A207-A19D54855F4D}.Release|Any CPU.ActiveCfg = Release|Any CPU
		{CAF567E6-E506-4CCF-A207-A19D54855F4D}.Release|Any CPU.Build.0 = Release|Any CPU
		{2F28FEA4-7F14-4EDE-A9C1-C416A7CF79A5}.Debug|Any CPU.ActiveCfg = Debug|Any CPU
		{2F28FEA4-7F14-4EDE-A9C1-C416A7CF79A5}.Debug|Any CPU.Build.0 = Debug|Any CPU
		{2F28FEA4-7F14-4EDE-A9C1-C416A7CF79A5}.Release|Any CPU.ActiveCfg = Release|Any CPU
		{2F28FEA4-7F14-4EDE-A9C1-C416A7CF79A5}.Release|Any CPU.Build.0 = Release|Any CPU
		{C4F33022-BA5F-40C8-8286-EBE97BB12462}.Debug|Any CPU.ActiveCfg = Debug|Any CPU
		{C4F33022-BA5F-40C8-8286-EBE97BB12462}.Debug|Any CPU.Build.0 = Debug|Any CPU
		{C4F33022-BA5F-40C8-8286-EBE97BB12462}.Release|Any CPU.ActiveCfg = Release|Any CPU
		{C4F33022-BA5F-40C8-8286-EBE97BB12462}.Release|Any CPU.Build.0 = Release|Any CPU
		{FD5120D2-1804-49BD-B87A-C9462D683799}.Debug|Any CPU.ActiveCfg = Debug|Any CPU
		{FD5120D2-1804-49BD-B87A-C9462D683799}.Debug|Any CPU.Build.0 = Debug|Any CPU
		{FD5120D2-1804-49BD-B87A-C9462D683799}.Release|Any CPU.ActiveCfg = Release|Any CPU
		{FD5120D2-1804-49BD-B87A-C9462D683799}.Release|Any CPU.Build.0 = Release|Any CPU
		{C7EDD816-600E-4643-9FF9-BD10AAE88E1C}.Debug|Any CPU.ActiveCfg = Debug|Any CPU
		{C7EDD816-600E-4643-9FF9-BD10AAE88E1C}.Debug|Any CPU.Build.0 = Debug|Any CPU
		{C7EDD816-600E-4643-9FF9-BD10AAE88E1C}.Release|Any CPU.ActiveCfg = Release|Any CPU
		{C7EDD816-600E-4643-9FF9-BD10AAE88E1C}.Release|Any CPU.Build.0 = Release|Any CPU
		{96E7925F-0EFE-49B9-BC7C-C9F7682C8FA1}.Debug|Any CPU.ActiveCfg = Debug|Any CPU
		{96E7925F-0EFE-49B9-BC7C-C9F7682C8FA1}.Debug|Any CPU.Build.0 = Debug|Any CPU
		{96E7925F-0EFE-49B9-BC7C-C9F7682C8FA1}.Release|Any CPU.ActiveCfg = Release|Any CPU
		{96E7925F-0EFE-49B9-BC7C-C9F7682C8FA1}.Release|Any CPU.Build.0 = Release|Any CPU
	EndGlobalSection
	GlobalSection(SolutionProperties) = preSolution
		HideSolutionNode = FALSE
	EndGlobalSection
	GlobalSection(NestedProjects) = preSolution
		{288BAC3E-7038-42AF-A3F7-501FB2929498} = {9B2C1815-B7E2-46DA-B8CC-2D8BD536862C}
		{9EE6E520-E599-4052-AF34-E4D928FFB0C6} = {9B2C1815-B7E2-46DA-B8CC-2D8BD536862C}
		{F06A47D6-C2F4-4A17-B73C-26912E97765B} = {9B2C1815-B7E2-46DA-B8CC-2D8BD536862C}
		{9A6E79D1-CC5B-4EDA-9984-547E5E6E2CF9} = {9B2C1815-B7E2-46DA-B8CC-2D8BD536862C}
		{716DCA55-BFDC-48E7-A5F1-39A471481AB7} = {D81ED4CD-E2EF-45F4-A860-E7DADD9C9BC6}
		{6FB3F381-71F7-4B23-AC71-D47C1D4A2613} = {D81ED4CD-E2EF-45F4-A860-E7DADD9C9BC6}
		{CAF567E6-E506-4CCF-A207-A19D54855F4D} = {9B2C1815-B7E2-46DA-B8CC-2D8BD536862C}
		{2F28FEA4-7F14-4EDE-A9C1-C416A7CF79A5} = {D81ED4CD-E2EF-45F4-A860-E7DADD9C9BC6}
		{C4F33022-BA5F-40C8-8286-EBE97BB12462} = {9B2C1815-B7E2-46DA-B8CC-2D8BD536862C}
		{FD5120D2-1804-49BD-B87A-C9462D683799} = {9B2C1815-B7E2-46DA-B8CC-2D8BD536862C}
		{C7EDD816-600E-4643-9FF9-BD10AAE88E1C} = {9B2C1815-B7E2-46DA-B8CC-2D8BD536862C}
		{96E7925F-0EFE-49B9-BC7C-C9F7682C8FA1} = {D2A6DB4E-6B5D-4FF2-AB00-A11D0A438F6E}
	EndGlobalSection
	GlobalSection(ExtensibilityGlobals) = postSolution
		SolutionGuid = {5297C95E-C3F4-4CF1-BA5C-8ED512BFBFCD}
	EndGlobalSection
EndGlobal
