
Microsoft Visual Studio Solution File, Format Version 12.00
# Visual Studio Version 17
VisualStudioVersion = 17.10.34916.146
MinimumVisualStudioVersion = 10.0.40219.1
Project("{FAE04EC0-301F-11D3-BF4B-00C04F79EFBC}") = "Template.CLI", "Template.CLI\Template.CLI.csproj", "{288BAC3E-7038-42AF-A3F7-501FB2929498}"
EndProject
Project("{2150E333-8FDC-42A3-9474-1A3956D46DE8}") = "src", "src", "{9B2C1815-B7E2-46DA-B8CC-2D8BD536862C}"
EndProject
Project("{FAE04EC0-301F-11D3-BF4B-00C04F79EFBC}") = "Template.Domain", "Template.Domain\Template.Domain.csproj", "{9EE6E520-E599-4052-AF34-E4D928FFB0C6}"
EndProject
Project("{FAE04EC0-301F-11D3-BF4B-00C04F79EFBC}") = "Template.Application", "Template.Application\Template.Application.csproj", "{F06A47D6-C2F4-4A17-B73C-26912E97765B}"
EndProject
Project("{FAE04EC0-301F-11D3-BF4B-00C04F79EFBC}") = "Template.Infrastructure", "Template.Infrastructure\Template.Infrastructure.csproj", "{9A6E79D1-CC5B-4EDA-9984-547E5E6E2CF9}"
EndProject
Project("{2150E333-8FDC-42A3-9474-1A3956D46DE8}") = "test", "test", "{D81ED4CD-E2EF-45F4-A860-E7DADD9C9BC6}"
EndProject
Project("{FAE04EC0-301F-11D3-BF4B-00C04F79EFBC}") = "Template.Infrastructure.Test", "Template.Infrastructure.Test\Template.Infrastructure.Test.csproj", "{716DCA55-BFDC-48E7-A5F1-39A471481AB7}"
EndProject
Project("{FAE04EC0-301F-11D3-BF4B-00C04F79EFBC}") = "Template.Domain.Test", "Template.Domain.Test\Template.Domain.Test.csproj", "{6FB3F381-71F7-4B23-AC71-D47C1D4A2613}"
EndProject
Project("{2150E333-8FDC-42A3-9474-1A3956D46DE8}") = "Template.Domain", "Template.Domain", "{1DBDC0DE-04E2-4399-BA0D-19486AA63131}"
EndProject
Project("{2150E333-8FDC-42A3-9474-1A3956D46DE8}") = "Template.Infrastructure", "Template.Infrastructure", "{DA26B12C-BB22-49DC-8F85-52B25D5CBDC9}"
EndProject
Project("{2150E333-8FDC-42A3-9474-1A3956D46DE8}") = "info", "info", "{E2C4DB10-1BD2-476F-9E35-90E86C88C3B8}"
	ProjectSection(SolutionItems) = preProject
		README.md = README.md
	EndProjectSection
EndProject
Global
	GlobalSection(SolutionConfigurationPlatforms) = preSolution
		Debug|Any CPU = Debug|Any CPU
		Release|Any CPU = Release|Any CPU
	EndGlobalSection
	GlobalSection(ProjectConfigurationPlatforms) = postSolution
		{288BAC3E-7038-42AF-A3F7-501FB2929498}.Debug|Any CPU.ActiveCfg = Debug|Any CPU
		{288BAC3E-7038-42AF-A3F7-501FB2929498}.Debug|Any CPU.Build.0 = Debug|Any CPU
		{288BAC3E-7038-42AF-A3F7-501FB2929498}.Release|Any CPU.ActiveCfg = Release|Any CPU
		{288BAC3E-7038-42AF-A3F7-501FB2929498}.Release|Any CPU.Build.0 = Release|Any CPU
		{9EE6E520-E599-4052-AF34-E4D928FFB0C6}.Debug|Any CPU.ActiveCfg = Debug|Any CPU
		{9EE6E520-E599-4052-AF34-E4D928FFB0C6}.Debug|Any CPU.Build.0 = Debug|Any CPU
		{9EE6E520-E599-4052-AF34-E4D928FFB0C6}.Release|Any CPU.ActiveCfg = Release|Any CPU
		{9EE6E520-E599-4052-AF34-E4D928FFB0C6}.Release|Any CPU.Build.0 = Release|Any CPU
		{F06A47D6-C2F4-4A17-B73C-26912E97765B}.Debug|Any CPU.ActiveCfg = Debug|Any CPU
		{F06A47D6-C2F4-4A17-B73C-26912E97765B}.Debug|Any CPU.Build.0 = Debug|Any CPU
		{F06A47D6-C2F4-4A17-B73C-26912E97765B}.Release|Any CPU.ActiveCfg = Release|Any CPU
		{F06A47D6-C2F4-4A17-B73C-26912E97765B}.Release|Any CPU.Build.0 = Release|Any CPU
		{9A6E79D1-CC5B-4EDA-9984-547E5E6E2CF9}.Debug|Any CPU.ActiveCfg = Debug|Any CPU
		{9A6E79D1-CC5B-4EDA-9984-547E5E6E2CF9}.Debug|Any CPU.Build.0 = Debug|Any CPU
		{9A6E79D1-CC5B-4EDA-9984-547E5E6E2CF9}.Release|Any CPU.ActiveCfg = Release|Any CPU
		{9A6E79D1-CC5B-4EDA-9984-547E5E6E2CF9}.Release|Any CPU.Build.0 = Release|Any CPU
		{716DCA55-BFDC-48E7-A5F1-39A471481AB7}.Debug|Any CPU.ActiveCfg = Debug|Any CPU
		{716DCA55-BFDC-48E7-A5F1-39A471481AB7}.Debug|Any CPU.Build.0 = Debug|Any CPU
		{716DCA55-BFDC-48E7-A5F1-39A471481AB7}.Release|Any CPU.ActiveCfg = Release|Any CPU
		{716DCA55-BFDC-48E7-A5F1-39A471481AB7}.Release|Any CPU.Build.0 = Release|Any CPU
		{6FB3F381-71F7-4B23-AC71-D47C1D4A2613}.Debug|Any CPU.ActiveCfg = Debug|Any CPU
		{6FB3F381-71F7-4B23-AC71-D47C1D4A2613}.Debug|Any CPU.Build.0 = Debug|Any CPU
		{6FB3F381-71F7-4B23-AC71-D47C1D4A2613}.Release|Any CPU.ActiveCfg = Release|Any CPU
		{6FB3F381-71F7-4B23-AC71-D47C1D4A2613}.Release|Any CPU.Build.0 = Release|Any CPU
	EndGlobalSection
	GlobalSection(SolutionProperties) = preSolution
		HideSolutionNode = FALSE
	EndGlobalSection
	GlobalSection(NestedProjects) = preSolution
		{288BAC3E-7038-42AF-A3F7-501FB2929498} = {9B2C1815-B7E2-46DA-B8CC-2D8BD536862C}
		{9EE6E520-E599-4052-AF34-E4D928FFB0C6} = {9B2C1815-B7E2-46DA-B8CC-2D8BD536862C}
		{F06A47D6-C2F4-4A17-B73C-26912E97765B} = {9B2C1815-B7E2-46DA-B8CC-2D8BD536862C}
		{9A6E79D1-CC5B-4EDA-9984-547E5E6E2CF9} = {9B2C1815-B7E2-46DA-B8CC-2D8BD536862C}
		{716DCA55-BFDC-48E7-A5F1-39A471481AB7} = {DA26B12C-BB22-49DC-8F85-52B25D5CBDC9}
		{6FB3F381-71F7-4B23-AC71-D47C1D4A2613} = {1DBDC0DE-04E2-4399-BA0D-19486AA63131}
		{1DBDC0DE-04E2-4399-BA0D-19486AA63131} = {D81ED4CD-E2EF-45F4-A860-E7DADD9C9BC6}
		{DA26B12C-BB22-49DC-8F85-52B25D5CBDC9} = {D81ED4CD-E2EF-45F4-A860-E7DADD9C9BC6}
	EndGlobalSection
	GlobalSection(ExtensibilityGlobals) = postSolution
		SolutionGuid = {5297C95E-C3F4-4CF1-BA5C-8ED512BFBFCD}
	EndGlobalSection
EndGlobal
